{
  "name": "be-resource-cache-workspace",
  "version": "1.0.0",
  "lockfileVersion": 2,
  "requires": true,
  "packages": {
    "": {
      "name": "be-resource-cache-workspace",
      "version": "1.0.0",
      "license": "MIT",
      "workspaces": [
        "be-resource-cache",
        "be-resource-cache-bobril"
      ]
    },
    "be-resource-cache": {
      "version": "1.0.0",
      "license": "MIT"
    },
    "be-resource-cache-bobril": {
      "version": "1.0.0",
      "license": "MIT",
      "dependencies": {
        "bobril": "*"
      }
    },
    "node_modules/be-resource-cache": {
      "resolved": "be-resource-cache",
      "link": true
    },
    "node_modules/be-resource-cache-bobril": {
      "resolved": "be-resource-cache-bobril",
      "link": true
    },
    "node_modules/bobril": {
      "version": "20.4.0",
      "resolved": "https://registry.npmjs.org/bobril/-/bobril-20.4.0.tgz",
      "integrity": "sha512-VdEo6bQNF/6OtHbBKgE6RrH+zLa0ycBBFMbN4Yl1ga1za22OJ8/ZBTSH0hIiqAGtVYbgJfwi/V5gHy6ptHpypA=="
    }
  },
  "dependencies": {
    "be-resource-cache": {
      "version": "file:be-resource-cache"
    },
    "be-resource-cache-bobril": {
      "version": "file:be-resource-cache-bobril",
      "requires": {
        "bobril": "*"
      }
    },
    "bobril": {
      "version": "20.4.0",
      "resolved": "https://registry.npmjs.org/bobril/-/bobril-20.4.0.tgz",
      "integrity": "sha512-VdEo6bQNF/6OtHbBKgE6RrH+zLa0ycBBFMbN4Yl1ga1za22OJ8/ZBTSH0hIiqAGtVYbgJfwi/V5gHy6ptHpypA=="
    }
  }
}
